PODS:
  - Flutter (1.0.0)
  - theta_client_flutter (1.13.1):
    - Flutter
    - THETAClient (= 1.13.1)
  - THETAClient (1.13.1)
  - video_player_avfoundation (0.0.1):
    - Flutter
    - FlutterMacOS

DEPENDENCIES:
  - Flutter (from `Flutter`)
  - theta_client_flutter (from `.symlinks/plugins/theta_client_flutter/ios`)
  - video_player_avfoundation (from `.symlinks/plugins/video_player_avfoundation/darwin`)

SPEC REPOS:
  trunk:
    - THETAClient

EXTERNAL SOURCES:
  Flutter:
    :path: Flutter
  theta_client_flutter:
    :path: ".symlinks/plugins/theta_client_flutter/ios"
  video_player_avfoundation:
    :path: ".symlinks/plugins/video_player_avfoundation/darwin"

SPEC CHECKSUMS:
  Flutter: e0871f40cf51350855a761d2e70bf5af5b9b5de7
  theta_client_flutter: bd8f8afa2ac6ce2a5af0709737e3b5233d09086e
  THETAClient: a89e8e98909b9bfaf7284718e5f240c3a5859995
  video_player_avfoundation: 7c6c11d8470e1675df7397027218274b6d2360b3

PODFILE CHECKSUM: 57c8aed26fba39d3ec9424816221f294a07c58eb

COCOAPODS: 1.16.2
