PODS:
  - Flutter (1.0.0)
  - theta_client_flutter (1.12.1):
    - Flutter
    - THETAClient (= 1.12.1)
  - THETAClient (1.12.1)
  - video_player_avfoundation (0.0.1):
    - Flutter
    - FlutterMacOS

DEPENDENCIES:
  - Flutter (from `Flutter`)
  - theta_client_flutter (from `.symlinks/plugins/theta_client_flutter/ios`)
  - video_player_avfoundation (from `.symlinks/plugins/video_player_avfoundation/darwin`)

SPEC REPOS:
  trunk:
    - THETAClient

EXTERNAL SOURCES:
  Flutter:
    :path: Flutter
  theta_client_flutter:
    :path: ".symlinks/plugins/theta_client_flutter/ios"
  video_player_avfoundation:
    :path: ".symlinks/plugins/video_player_avfoundation/darwin"

SPEC CHECKSUMS:
  Flutter: e0871f40cf51350855a761d2e70bf5af5b9b5de7
  theta_client_flutter: 4d81bcd7ae344e358aa72b1cb216afd55f322c89
  THETAClient: 0fb33ddf2994806ef4dfad9296dc337d8c9013d2
  video_player_avfoundation: 2cef49524dd1f16c5300b9cd6efd9611ce03639b

PODFILE CHECKSUM: 57c8aed26fba39d3ec9424816221f294a07c58eb

COCOAPODS: 1.16.2
